
Microsoft Visual Studio Solution File, Format Version 12.00
# Visual Studio Version 17
VisualStudioVersion = 17.2.32616.157
MinimumVisualStudioVersion = 10.0.40219.1
Project("{FAE04EC0-301F-11D3-BF4B-00C04F79EFBC}") = "BlogAPI", "BlogAPI\BlogAPI.csproj", "{D8C53B34-34AC-458D-A0DA-EA22B1DAC9D8}"
EndProject
Project("{FAE04EC0-301F-11D3-BF4B-00C04F79EFBC}") = "BlogTeste", "BlogTeste\BlogTeste.csproj", "{8A52B249-A5C5-48F0-B9A8-F931563B8BB5}"
EndProject
Global
	GlobalSection(SolutionConfigurationPlatforms) = preSolution
		Debug|Any CPU = Debug|Any CPU
		Release|Any CPU = Release|Any CPU
	EndGlobalSection
	GlobalSection(ProjectConfigurationPlatforms) = postSolution
		{D8C53B34-34AC-458D-A0DA-EA22B1DAC9D8}.Debug|Any CPU.ActiveCfg = Debug|Any CPU
		{D8C53B34-34AC-458D-A0DA-EA22B1DAC9D8}.Debug|Any CPU.Build.0 = Debug|Any CPU
		{D8C53B34-34AC-458D-A0DA-EA22B1DAC9D8}.Release|Any CPU.ActiveCfg = Release|Any CPU
		{D8C53B34-34AC-458D-A0DA-EA22B1DAC9D8}.Release|Any CPU.Build.0 = Release|Any CPU
		{8A52B249-A5C5-48F0-B9A8-F931563B8BB5}.Debug|Any CPU.ActiveCfg = Debug|Any CPU
		{8A52B249-A5C5-48F0-B9A8-F931563B8BB5}.Debug|Any CPU.Build.0 = Debug|Any CPU
		{8A52B249-A5C5-48F0-B9A8-F931563B8BB5}.Release|Any CPU.ActiveCfg = Release|Any CPU
		{8A52B249-A5C5-48F0-B9A8-F931563B8BB5}.Release|Any CPU.Build.0 = Release|Any CPU
	EndGlobalSection
	GlobalSection(SolutionProperties) = preSolution
		HideSolutionNode = FALSE
	EndGlobalSection
	GlobalSection(ExtensibilityGlobals) = postSolution
		SolutionGuid = {5A247712-0687-432E-9B26-1022C224EC23}
	EndGlobalSection
EndGlobal
